
Microsoft Visual Studio Solution File, Format Version 12.00
# Visual Studio Version 17
VisualStudioVersion = 17.13.35825.156
MinimumVisualStudioVersion = 10.0.40219.1
Project("{FAE04EC0-301F-11D3-BF4B-00C04F79EFBC}") = "ClassLibrary", "ClassLibrary\ClassLibrary.csproj", "{CFF44A80-F05E-42EC-B325-B2F973378447}"
EndProject
Project("{FAE04EC0-301F-11D3-BF4B-00C04F79EFBC}") = "WinFormsApp", "WinFormsApp\WinFormsApp.csproj", "{21D7F028-CDB2-4F01-909F-0FEEEFDDDDEC}"
EndProject
Project("{FAE04EC0-301F-11D3-BF4B-00C04F79EFBC}") = "WebApp", "WebApp\WebApp.csproj", "{A6C77B47-7A6C-4615-BD38-8A39619F48B1}"
EndProject
Project("{2150E333-8FDC-42A3-9474-1A3956D46DE8}") = "Solution Items", "Solution Items", "{8A1954FE-C508-4184-A9C5-E80277619CE0}"
	ProjectSection(SolutionItems) = preProject
		.editorconfig = .editorconfig
	EndProjectSection
EndProject
Global
	GlobalSection(SolutionConfigurationPlatforms) = preSolution
		Debug|Any CPU = Debug|Any CPU
		Release|Any CPU = Release|Any CPU
	EndGlobalSection
	GlobalSection(ProjectConfigurationPlatforms) = postSolution
		{CFF44A80-F05E-42EC-B325-B2F973378447}.Debug|Any CPU.ActiveCfg = Debug|Any CPU
		{CFF44A80-F05E-42EC-B325-B2F973378447}.Debug|Any CPU.Build.0 = Debug|Any CPU
		{CFF44A80-F05E-42EC-B325-B2F973378447}.Release|Any CPU.ActiveCfg = Release|Any CPU
		{CFF44A80-F05E-42EC-B325-B2F973378447}.Release|Any CPU.Build.0 = Release|Any CPU
		{21D7F028-CDB2-4F01-909F-0FEEEFDDDDEC}.Debug|Any CPU.ActiveCfg = Debug|Any CPU
		{21D7F028-CDB2-4F01-909F-0FEEEFDDDDEC}.Debug|Any CPU.Build.0 = Debug|Any CPU
		{21D7F028-CDB2-4F01-909F-0FEEEFDDDDEC}.Release|Any CPU.ActiveCfg = Release|Any CPU
		{21D7F028-CDB2-4F01-909F-0FEEEFDDDDEC}.Release|Any CPU.Build.0 = Release|Any CPU
		{A6C77B47-7A6C-4615-BD38-8A39619F48B1}.Debug|Any CPU.ActiveCfg = Debug|Any CPU
		{A6C77B47-7A6C-4615-BD38-8A39619F48B1}.Debug|Any CPU.Build.0 = Debug|Any CPU
		{A6C77B47-7A6C-4615-BD38-8A39619F48B1}.Release|Any CPU.ActiveCfg = Release|Any CPU
		{A6C77B47-7A6C-4615-BD38-8A39619F48B1}.Release|Any CPU.Build.0 = Release|Any CPU
	EndGlobalSection
	GlobalSection(SolutionProperties) = preSolution
		HideSolutionNode = FALSE
	EndGlobalSection
	GlobalSection(ExtensibilityGlobals) = postSolution
		SolutionGuid = {2A8065A8-C657-483D-A5C6-24FCAF3C6BD9}
	EndGlobalSection
EndGlobal
